Microsoft Visual Studio Solution File, Format Version 12.00
# Visual Studio Version 17
VisualStudioVersion = 17.5.2.0
MinimumVisualStudioVersion = 10.0.40219.1
Project("{FAE04EC0-301F-11D3-BF4B-00C04F79EFBC}") = "adsp-service-net-sdk", "adsp-service-net-sdk\adsp-service-net-sdk.csproj", "{4E2E38AC-6F82-ADD1-9040-80D62F9FAD70}"
EndProject
Global
	GlobalSection(SolutionConfigurationPlatforms) = preSolution
		Debug|Any CPU = Debug|Any CPU
		Release|Any CPU = Release|Any CPU
	EndGlobalSection
	GlobalSection(ProjectConfigurationPlatforms) = postSolution
		{4E2E38AC-6F82-ADD1-9040-80D62F9FAD70}.Debug|Any CPU.ActiveCfg = Debug|Any CPU
		{4E2E38AC-6F82-ADD1-9040-80D62F9FAD70}.Debug|Any CPU.Build.0 = Debug|Any CPU
		{4E2E38AC-6F82-ADD1-9040-80D62F9FAD70}.Release|Any CPU.ActiveCfg = Release|Any CPU
		{4E2E38AC-6F82-ADD1-9040-80D62F9FAD70}.Release|Any CPU.Build.0 = Release|Any CPU
	EndGlobalSection
	GlobalSection(SolutionProperties) = preSolution
		HideSolutionNode = FALSE
	EndGlobalSection
	GlobalSection(ExtensibilityGlobals) = postSolution
		SolutionGuid = {DE22B0AF-8EBA-4083-8646-73748B8C9FD6}
	EndGlobalSection
EndGlobal
