
Microsoft Visual Studio Solution File, Format Version 12.00
# Visual Studio Version 17
VisualStudioVersion = 17.5.002.0
MinimumVisualStudioVersion = 10.0.40219.1
Project("{9A19103F-16F7-4668-BE54-9A1E7A4F7556}") = "adsp-service-net-sdk", "adsp-service-net-sdk\adsp-service-net-sdk.csproj", "{50B0E7E1-F03D-4FCD-BE79-80745128C0A2}"
EndProject
Global
	GlobalSection(SolutionConfigurationPlatforms) = preSolution
		Debug|Any CPU = Debug|Any CPU
		Release|Any CPU = Release|Any CPU
	EndGlobalSection
	GlobalSection(ProjectConfigurationPlatforms) = postSolution
		{50B0E7E1-F03D-4FCD-BE79-80745128C0A2}.Debug|Any CPU.ActiveCfg = Debug|Any CPU
		{50B0E7E1-F03D-4FCD-BE79-80745128C0A2}.Debug|Any CPU.Build.0 = Debug|Any CPU
		{50B0E7E1-F03D-4FCD-BE79-80745128C0A2}.Release|Any CPU.ActiveCfg = Release|Any CPU
		{50B0E7E1-F03D-4FCD-BE79-80745128C0A2}.Release|Any CPU.Build.0 = Release|Any CPU
	EndGlobalSection
	GlobalSection(SolutionProperties) = preSolution
		HideSolutionNode = FALSE
	EndGlobalSection
	GlobalSection(ExtensibilityGlobals) = postSolution
		SolutionGuid = {A439408A-2CF4-4B15-BEFD-FB1B137A324D}
	EndGlobalSection
EndGlobal
