
Microsoft Visual Studio Solution File, Format Version 12.00
# Visual Studio Version 17
VisualStudioVersion = 17.5.002.0
MinimumVisualStudioVersion = 10.0.40219.1
Project("{9A19103F-16F7-4668-BE54-9A1E7A4F7556}") = "script-service", "script-service\script-service.csproj", "{DD76FC92-C057-4279-90AD-3253B9603713}"
EndProject
Global
	GlobalSection(SolutionConfigurationPlatforms) = preSolution
		Debug|Any CPU = Debug|Any CPU
		Release|Any CPU = Release|Any CPU
	EndGlobalSection
	GlobalSection(ProjectConfigurationPlatforms) = postSolution
		{DD76FC92-C057-4279-90AD-3253B9603713}.Debug|Any CPU.ActiveCfg = Debug|Any CPU
		{DD76FC92-C057-4279-90AD-3253B9603713}.Debug|Any CPU.Build.0 = Debug|Any CPU
		{DD76FC92-C057-4279-90AD-3253B9603713}.Release|Any CPU.ActiveCfg = Release|Any CPU
		{DD76FC92-C057-4279-90AD-3253B9603713}.Release|Any CPU.Build.0 = Release|Any CPU
	EndGlobalSection
	GlobalSection(SolutionProperties) = preSolution
		HideSolutionNode = FALSE
	EndGlobalSection
	GlobalSection(ExtensibilityGlobals) = postSolution
		SolutionGuid = {ED48AAB0-5308-4614-B1A1-8218D170552F}
	EndGlobalSection
EndGlobal
